
Microsoft Visual Studio Solution File, Format Version 12.00
# Visual Studio Version 17
VisualStudioVersion = 17.0.31903.59
MinimumVisualStudioVersion = 10.0.40219.1
Project("{FAE04EC0-301F-11D3-BF4B-00C04F79EFBC}") = "EndpointPDK", "EndpointPDK\EndpointPDK.csproj", "{3484D44F-CD2A-4C15-824E-52305FF7F85A}"
EndProject
Project("{FAE04EC0-301F-11D3-BF4B-00C04F79EFBC}") = "Server", "Server\Server.csproj", "{861096B0-31C4-4207-A81C-6EE3DC6AEF68}"
EndProject
Project("{FAE04EC0-301F-11D3-BF4B-00C04F79EFBC}") = "TestEndpoint", "TestEndpoint\TestEndpoint.csproj", "{75D8A8C5-3DBB-47AF-B1A2-2D52F3E4AA3B}"
EndProject
Global
	GlobalSection(SolutionConfigurationPlatforms) = preSolution
		Debug|Any CPU = Debug|Any CPU
		Debug|x64 = Debug|x64
		Debug|x86 = Debug|x86
		Release|Any CPU = Release|Any CPU
		Release|x64 = Release|x64
		Release|x86 = Release|x86
	EndGlobalSection
	GlobalSection(ProjectConfigurationPlatforms) = postSolution
		{3484D44F-CD2A-4C15-824E-52305FF7F85A}.Debug|Any CPU.ActiveCfg = Debug|Any CPU
		{3484D44F-CD2A-4C15-824E-52305FF7F85A}.Debug|Any CPU.Build.0 = Debug|Any CPU
		{3484D44F-CD2A-4C15-824E-52305FF7F85A}.Debug|x64.ActiveCfg = Debug|Any CPU
		{3484D44F-CD2A-4C15-824E-52305FF7F85A}.Debug|x64.Build.0 = Debug|Any CPU
		{3484D44F-CD2A-4C15-824E-52305FF7F85A}.Debug|x86.ActiveCfg = Debug|Any CPU
		{3484D44F-CD2A-4C15-824E-52305FF7F85A}.Debug|x86.Build.0 = Debug|Any CPU
		{3484D44F-CD2A-4C15-824E-52305FF7F85A}.Release|Any CPU.ActiveCfg = Release|Any CPU
		{3484D44F-CD2A-4C15-824E-52305FF7F85A}.Release|Any CPU.Build.0 = Release|Any CPU
		{3484D44F-CD2A-4C15-824E-52305FF7F85A}.Release|x64.ActiveCfg = Release|Any CPU
		{3484D44F-CD2A-4C15-824E-52305FF7F85A}.Release|x64.Build.0 = Release|Any CPU
		{3484D44F-CD2A-4C15-824E-52305FF7F85A}.Release|x86.ActiveCfg = Release|Any CPU
		{3484D44F-CD2A-4C15-824E-52305FF7F85A}.Release|x86.Build.0 = Release|Any CPU
		{861096B0-31C4-4207-A81C-6EE3DC6AEF68}.Debug|Any CPU.ActiveCfg = Debug|Any CPU
		{861096B0-31C4-4207-A81C-6EE3DC6AEF68}.Debug|Any CPU.Build.0 = Debug|Any CPU
		{861096B0-31C4-4207-A81C-6EE3DC6AEF68}.Debug|x64.ActiveCfg = Debug|Any CPU
		{861096B0-31C4-4207-A81C-6EE3DC6AEF68}.Debug|x64.Build.0 = Debug|Any CPU
		{861096B0-31C4-4207-A81C-6EE3DC6AEF68}.Debug|x86.ActiveCfg = Debug|Any CPU
		{861096B0-31C4-4207-A81C-6EE3DC6AEF68}.Debug|x86.Build.0 = Debug|Any CPU
		{861096B0-31C4-4207-A81C-6EE3DC6AEF68}.Release|Any CPU.ActiveCfg = Release|Any CPU
		{861096B0-31C4-4207-A81C-6EE3DC6AEF68}.Release|Any CPU.Build.0 = Release|Any CPU
		{861096B0-31C4-4207-A81C-6EE3DC6AEF68}.Release|x64.ActiveCfg = Release|Any CPU
		{861096B0-31C4-4207-A81C-6EE3DC6AEF68}.Release|x64.Build.0 = Release|Any CPU
		{861096B0-31C4-4207-A81C-6EE3DC6AEF68}.Release|x86.ActiveCfg = Release|Any CPU
		{861096B0-31C4-4207-A81C-6EE3DC6AEF68}.Release|x86.Build.0 = Release|Any CPU
		{75D8A8C5-3DBB-47AF-B1A2-2D52F3E4AA3B}.Debug|Any CPU.ActiveCfg = Debug|Any CPU
		{75D8A8C5-3DBB-47AF-B1A2-2D52F3E4AA3B}.Debug|Any CPU.Build.0 = Debug|Any CPU
		{75D8A8C5-3DBB-47AF-B1A2-2D52F3E4AA3B}.Debug|x64.ActiveCfg = Debug|Any CPU
		{75D8A8C5-3DBB-47AF-B1A2-2D52F3E4AA3B}.Debug|x64.Build.0 = Debug|Any CPU
		{75D8A8C5-3DBB-47AF-B1A2-2D52F3E4AA3B}.Debug|x86.ActiveCfg = Debug|Any CPU
		{75D8A8C5-3DBB-47AF-B1A2-2D52F3E4AA3B}.Debug|x86.Build.0 = Debug|Any CPU
		{75D8A8C5-3DBB-47AF-B1A2-2D52F3E4AA3B}.Release|Any CPU.ActiveCfg = Release|Any CPU
		{75D8A8C5-3DBB-47AF-B1A2-2D52F3E4AA3B}.Release|Any CPU.Build.0 = Release|Any CPU
		{75D8A8C5-3DBB-47AF-B1A2-2D52F3E4AA3B}.Release|x64.ActiveCfg = Release|Any CPU
		{75D8A8C5-3DBB-47AF-B1A2-2D52F3E4AA3B}.Release|x64.Build.0 = Release|Any CPU
		{75D8A8C5-3DBB-47AF-B1A2-2D52F3E4AA3B}.Release|x86.ActiveCfg = Release|Any CPU
		{75D8A8C5-3DBB-47AF-B1A2-2D52F3E4AA3B}.Release|x86.Build.0 = Release|Any CPU
	EndGlobalSection
	GlobalSection(SolutionProperties) = preSolution
		HideSolutionNode = FALSE
	EndGlobalSection
EndGlobal
